// !$*UTF8*$!
{
	archiveVersion = 1;
	classes = {
	};
	objectVersion = 55;
	objects = {

/* Begin PBXBuildFile section */
		E13D2A2129CFFB00005D4BCA /* ViewController+Drag+Extension.swift in Sources */ = {isa = PBXBuildFile; fileRef = E13D2A2029CFFB00005D4BCA /* ViewController+Drag+Extension.swift */; };
		E1596FB02838F78000A8AB09 /* AppDelegate.swift in Sources */ = {isa = PBXBuildFile; fileRef = E1596FAF2838F78000A8AB09 /* AppDelegate.swift */; };
		E1596FB22838F78000A8AB09 /* SceneDelegate.swift in Sources */ = {isa = PBXBuildFile; fileRef = E1596FB12838F78000A8AB09 /* SceneDelegate.swift */; };
		E1596FB42838F78000A8AB09 /* ViewController.swift in Sources */ = {isa = PBXBuildFile; fileRef = E1596FB32838F78000A8AB09 /* ViewController.swift */; };
		E1596FB72838F78000A8AB09 /* Main.storyboard in Resources */ = {isa = PBXBuildFile; fileRef = E1596FB52838F78000A8AB09 /* Main.storyboard */; };
		E1596FB92838F78100A8AB09 /* Assets.xcassets in Resources */ = {isa = PBXBuildFile; fileRef = E1596FB82838F78100A8AB09 /* Assets.xcassets */; };
		E1596FBC2838F78100A8AB09 /* LaunchScreen.storyboard in Resources */ = {isa = PBXBuildFile; fileRef = E1596FBA2838F78100A8AB09 /* LaunchScreen.storyboard */; };
		E1596FC52838FA8800A8AB09 /* DemoCollectionViewCell.swift in Sources */ = {isa = PBXBuildFile; fileRef = E1596FC32838FA8700A8AB09 /* DemoCollectionViewCell.swift */; };
		E1596FC62838FA8800A8AB09 /* DemoCollectionViewCell.xib in Resources */ = {isa = PBXBuildFile; fileRef = E1596FC42838FA8800A8AB09 /* DemoCollectionViewCell.xib */; };
/* End PBXBuildFile section */

/* Begin PBXFileReference section */
		E13D2A2029CFFB00005D4BCA /* ViewController+Drag+Extension.swift */ = {isa = PBXFileReference; lastKnownFileType = sourcecode.swift; path = "ViewController+Drag+Extension.swift"; sourceTree = "<group>"; };
		E1596FAC2838F78000A8AB09 /* CompositionalDemo.app */ = {isa = PBXFileReference; explicitFileType = wrapper.application; includeInIndex = 0; path = CompositionalDemo.app; sourceTree = BUILT_PRODUCTS_DIR; };
		E1596FAF2838F78000A8AB09 /* AppDelegate.swift */ = {isa = PBXFileReference; lastKnownFileType = sourcecode.swift; path = AppDelegate.swift; sourceTree = "<group>"; };
		E1596FB12838F78000A8AB09 /* SceneDelegate.swift */ = {isa = PBXFileReference; lastKnownFileType = sourcecode.swift; path = SceneDelegate.swift; sourceTree = "<group>"; };
		E1596FB32838F78000A8AB09 /* ViewController.swift */ = {isa = PBXFileReference; lastKnownFileType = sourcecode.swift; path = ViewController.swift; sourceTree = "<group>"; };
		E1596FB62838F78000A8AB09 /* Base */ = {isa = PBXFileReference; lastKnownFileType = file.storyboard; name = Base; path = Base.lproj/Main.storyboard; sourceTree = "<group>"; };
		E1596FB82838F78100A8AB09 /* Assets.xcassets */ = {isa = PBXFileReference; lastKnownFileType = folder.assetcatalog; path = Assets.xcassets; sourceTree = "<group>"; };
		E1596FBB2838F78100A8AB09 /* Base */ = {isa = PBXFileReference; lastKnownFileType = file.storyboard; name = Base; path = Base.lproj/LaunchScreen.storyboard; sourceTree = "<group>"; };
		E1596FBD2838F78100A8AB09 /* Info.plist */ = {isa = PBXFileReference; lastKnownFileType = text.plist.xml; path = Info.plist; sourceTree = "<group>"; };
		E1596FC32838FA8700A8AB09 /* DemoCollectionViewCell.swift */ = {isa = PBXFileReference; lastKnownFileType = sourcecode.swift; path = DemoCollectionViewCell.swift; sourceTree = "<group>"; };
		E1596FC42838FA8800A8AB09 /* DemoCollectionViewCell.xib */ = {isa = PBXFileReference; lastKnownFileType = file.xib; path = DemoCollectionViewCell.xib; sourceTree = "<group>"; };
/* End PBXFileReference section */

/* Begin PBXFrameworksBuildPhase section */
		E1596FA92838F78000A8AB09 /* Frameworks */ = {
			isa = PBXFrameworksBuildPhase;
			buildActionMask = 2147483647;
			files = (
			);
			runOnlyForDeploymentPostprocessing = 0;
		};
/* End PBXFrameworksBuildPhase section */

/* Begin PBXGroup section */
		E1596FA32838F78000A8AB09 = {
			isa = PBXGroup;
			children = (
				E1596FAE2838F78000A8AB09 /* CompositionalDemo */,
				E1596FAD2838F78000A8AB09 /* Products */,
			);
			sourceTree = "<group>";
		};
		E1596FAD2838F78000A8AB09 /* Products */ = {
			isa = PBXGroup;
			children = (
				E1596FAC2838F78000A8AB09 /* CompositionalDemo.app */,
			);
			name = Products;
			sourceTree = "<group>";
		};
		E1596FAE2838F78000A8AB09 /* CompositionalDemo */ = {
			isa = PBXGroup;
			children = (
				E1596FAF2838F78000A8AB09 /* AppDelegate.swift */,
				E1596FB12838F78000A8AB09 /* SceneDelegate.swift */,
				E1596FB32838F78000A8AB09 /* ViewController.swift */,
				E13D2A2029CFFB00005D4BCA /* ViewController+Drag+Extension.swift */,
				E1596FC32838FA8700A8AB09 /* DemoCollectionViewCell.swift */,
				E1596FC42838FA8800A8AB09 /* DemoCollectionViewCell.xib */,
				E1596FB52838F78000A8AB09 /* Main.storyboard */,
				E1596FB82838F78100A8AB09 /* Assets.xcassets */,
				E1596FBA2838F78100A8AB09 /* LaunchScreen.storyboard */,
				E1596FBD2838F78100A8AB09 /* Info.plist */,
			);
			path = CompositionalDemo;
			sourceTree = "<group>";
		};
/* End PBXGroup section */

/* Begin PBXNativeTarget section */
		E1596FAB2838F78000A8AB09 /* CompositionalDemo */ = {
			isa = PBXNativeTarget;
			buildConfigurationList = E1596FC02838F78100A8AB09 /* Build configuration list for PBXNativeTarget "CompositionalDemo" */;
			buildPhases = (
				E1596FA82838F78000A8AB09 /* Sources */,
				E1596FA92838F78000A8AB09 /* Frameworks */,
				E1596FAA2838F78000A8AB09 /* Resources */,
			);
			buildRules = (
			);
			dependencies = (
			);
			name = CompositionalDemo;
			productName = CompositionalDemo;
			productReference = E1596FAC2838F78000A8AB09 /* CompositionalDemo.app */;
			productType = "com.apple.product-type.application";
		};
/* End PBXNativeTarget section */

/* Begin PBXProject section */
		E1596FA42838F78000A8AB09 /* Project object */ = {
			isa = PBXProject;
			attributes = {
				BuildIndependentTargetsInParallel = 1;
				LastSwiftUpdateCheck = 1330;
				LastUpgradeCheck = 1330;
				TargetAttributes = {
					E1596FAB2838F78000A8AB09 = {
						CreatedOnToolsVersion = 13.3.1;
					};
				};
			};
			buildConfigurationList = E1596FA72838F78000A8AB09 /* Build configuration list for PBXProject "CompositionalDemo" */;
			compatibilityVersion = "Xcode 13.0";
			developmentRegion = en;
			hasScannedForEncodings = 0;
			knownRegions = (
				en,
				Base,
			);
			mainGroup = E1596FA32838F78000A8AB09;
			productRefGroup = E1596FAD2838F78000A8AB09 /* Products */;
			projectDirPath = "";
			projectRoot = "";
			targets = (
				E1596FAB2838F78000A8AB09 /* CompositionalDemo */,
			);
		};
/* End PBXProject section */

/* Begin PBXResourcesBuildPhase section */
		E1596FAA2838F78000A8AB09 /* Resources */ = {
			isa = PBXResourcesBuildPhase;
			buildActionMask = 2147483647;
			files = (
				E1596FBC2838F78100A8AB09 /* LaunchScreen.storyboard in Resources */,
				E1596FB92838F78100A8AB09 /* Assets.xcassets in Resources */,
				E1596FB72838F78000A8AB09 /* Main.storyboard in Resources */,
				E1596FC62838FA8800A8AB09 /* DemoCollectionViewCell.xib in Resources */,
			);
			runOnlyForDeploymentPostprocessing = 0;
		};
/* End PBXResourcesBuildPhase section */

/* Begin PBXSourcesBuildPhase section */
		E1596FA82838F78000A8AB09 /* Sources */ = {
			isa = PBXSourcesBuildPhase;
			buildActionMask = 2147483647;
			files = (
				E13D2A2129CFFB00005D4BCA /* ViewController+Drag+Extension.swift in Sources */,
				E1596FB42838F78000A8AB09 /* ViewController.swift in Sources */,
				E1596FB02838F78000A8AB09 /* AppDelegate.swift in Sources */,
				E1596FB22838F78000A8AB09 /* SceneDelegate.swift in Sources */,
				E1596FC52838FA8800A8AB09 /* DemoCollectionViewCell.swift in Sources */,
			);
			runOnlyForDeploymentPostprocessing = 0;
		};
/* End PBXSourcesBuildPhase section */

/* Begin PBXVariantGroup section */
		E1596FB52838F78000A8AB09 /* Main.storyboard */ = {
			isa = PBXVariantGroup;
			children = (
				E1596FB62838F78000A8AB09 /* Base */,
			);
			name = Main.storyboard;
			sourceTree = "<group>";
		};
		E1596FBA2838F78100A8AB09 /* LaunchScreen.storyboard */ = {
			isa = PBXVariantGroup;
			children = (
				E1596FBB2838F78100A8AB09 /* Base */,
			);
			name = LaunchScreen.storyboard;
			sourceTree = "<group>";
		};
/* End PBXVariantGroup section */

/* Begin XCBuildConfiguration section */
		E1596FBE2838F78100A8AB09 /* Debug */ = {
			isa = XCBuildConfiguration;
			buildSettings = {
				ALWAYS_SEARCH_USER_PATHS = NO;
				CLANG_ANALYZER_NONNULL = YES;
				CLANG_ANALYZER_NUMBER_OBJECT_CONVERSION = YES_AGGRESSIVE;
				CLANG_CXX_LANGUAGE_STANDARD = "gnu++17";
				CLANG_ENABLE_MODULES = YES;
				CLANG_ENABLE_OBJC_ARC = YES;
				CLANG_ENABLE_OBJC_WEAK = YES;
				CLANG_WARN_BLOCK_CAPTURE_AUTORELEASING = YES;
				CLANG_WARN_BOOL_CONVERSION = YES;
				CLANG_WARN_COMMA = YES;
				CLANG_WARN_CONSTANT_CONVERSION = YES;
				CLANG_WARN_DEPRECATED_OBJC_IMPLEMENTATIONS = YES;
				CLANG_WARN_DIRECT_OBJC_ISA_USAGE = YES_ERROR;
				CLANG_WARN_DOCUMENTATION_COMMENTS = YES;
				CLANG_WARN_EMPTY_BODY = YES;
				CLANG_WARN_ENUM_CONVERSION = YES;
				CLANG_WARN_INFINITE_RECURSION = YES;
				CLANG_WARN_INT_CONVERSION = YES;
				CLANG_WARN_NON_LITERAL_NULL_CONVERSION = YES;
				CLANG_WARN_OBJC_IMPLICIT_RETAIN_SELF = YES;
				CLANG_WARN_OBJC_LITERAL_CONVERSION = YES;
				CLANG_WARN_OBJC_ROOT_CLASS = YES_ERROR;
				CLANG_WARN_QUOTED_INCLUDE_IN_FRAMEWORK_HEADER = YES;
				CLANG_WARN_RANGE_LOOP_ANALYSIS = YES;
				CLANG_WARN_STRICT_PROTOTYPES = YES;
				CLANG_WARN_SUSPICIOUS_MOVE = YES;
				CLANG_WARN_UNGUARDED_AVAILABILITY = YES_AGGRESSIVE;
				CLANG_WARN_UNREACHABLE_CODE = YES;
				CLANG_WARN__DUPLICATE_METHOD_MATCH = YES;
				COPY_PHASE_STRIP = NO;
				DEBUG_INFORMATION_FORMAT = dwarf;
				ENABLE_STRICT_OBJC_MSGSEND = YES;
				ENABLE_TESTABILITY = YES;
				GCC_C_LANGUAGE_STANDARD = gnu11;
				GCC_DYNAMIC_NO_PIC = NO;
				GCC_NO_COMMON_BLOCKS = YES;
				GCC_OPTIMIZATION_LEVEL = 0;
				GCC_PREPROCESSOR_DEFINITIONS = (
					"DEBUG=1",
					"$(inherited)",
				);
				GCC_WARN_64_TO_32_BIT_CONVERSION = YES;
				GCC_WARN_ABOUT_RETURN_TYPE = YES_ERROR;
				GCC_WARN_UNDECLARED_SELECTOR = YES;
				GCC_WARN_UNINITIALIZED_AUTOS = YES_AGGRESSIVE;
				GCC_WARN_UNUSED_FUNCTION = YES;
				GCC_WARN_UNUSED_VARIABLE = YES;
				IPHONEOS_DEPLOYMENT_TARGET = 15.4;
				MTL_ENABLE_DEBUG_INFO = INCLUDE_SOURCE;
				MTL_FAST_MATH = YES;
				ONLY_ACTIVE_ARCH = YES;
				SDKROOT = iphoneos;
				SWIFT_ACTIVE_COMPILATION_CONDITIONS = DEBUG;
				SWIFT_OPTIMIZATION_LEVEL = "-Onone";
			};
			name = Debug;
		};
		E1596FBF2838F78100A8AB09 /* Release */ = {
			isa = XCBuildConfiguration;
			buildSettings = {
				ALWAYS_SEARCH_USER_PATHS = NO;
				CLANG_ANALYZER_NONNULL = YES;
				CLANG_ANALYZER_NUMBER_OBJECT_CONVERSION = YES_AGGRESSIVE;
				CLANG_CXX_LANGUAGE_STANDARD = "gnu++17";
				CLANG_ENABLE_MODULES = YES;
				CLANG_ENABLE_OBJC_ARC = YES;
				CLANG_ENABLE_OBJC_WEAK = YES;
				CLANG_WARN_BLOCK_CAPTURE_AUTORELEASING = YES;
				CLANG_WARN_BOOL_CONVERSION = YES;
				CLANG_WARN_COMMA = YES;
				CLANG_WARN_CONSTANT_CONVERSION = YES;
				CLANG_WARN_DEPRECATED_OBJC_IMPLEMENTATIONS = YES;
				CLANG_WARN_DIRECT_OBJC_ISA_USAGE = YES_ERROR;
				CLANG_WARN_DOCUMENTATION_COMMENTS = YES;
				CLANG_WARN_EMPTY_BODY = YES;
				CLANG_WARN_ENUM_CONVERSION = YES;
				CLANG_WARN_INFINITE_RECURSION = YES;
				CLANG_WARN_INT_CONVERSION = YES;
				CLANG_WARN_NON_LITERAL_NULL_CONVERSION = YES;
				CLANG_WARN_OBJC_IMPLICIT_RETAIN_SELF = YES;
				CLANG_WARN_OBJC_LITERAL_CONVERSION = YES;
				CLANG_WARN_OBJC_ROOT_CLASS = YES_ERROR;
				CLANG_WARN_QUOTED_INCLUDE_IN_FRAMEWORK_HEADER = YES;
				CLANG_WARN_RANGE_LOOP_ANALYSIS = YES;
				CLANG_WARN_STRICT_PROTOTYPES = YES;
				CLANG_WARN_SUSPICIOUS_MOVE = YES;
				CLANG_WARN_UNGUARDED_AVAILABILITY = YES_AGGRESSIVE;
				CLANG_WARN_UNREACHABLE_CODE = YES;
				CLANG_WARN__DUPLICATE_METHOD_MATCH = YES;
				COPY_PHASE_STRIP = NO;
				DEBUG_INFORMATION_FORMAT = "dwarf-with-dsym";
				ENABLE_NS_ASSERTIONS = NO;
				ENABLE_STRICT_OBJC_MSGSEND = YES;
				GCC_C_LANGUAGE_STANDARD = gnu11;
				GCC_NO_COMMON_BLOCKS = YES;
				GCC_WARN_64_TO_32_BIT_CONVERSION = YES;
				GCC_WARN_ABOUT_RETURN_TYPE = YES_ERROR;
				GCC_WARN_UNDECLARED_SELECTOR = YES;
				GCC_WARN_UNINITIALIZED_AUTOS = YES_AGGRESSIVE;
				GCC_WARN_UNUSED_FUNCTION = YES;
				GCC_WARN_UNUSED_VARIABLE = YES;
				IPHONEOS_DEPLOYMENT_TARGET = 15.4;
				MTL_ENABLE_DEBUG_INFO = NO;
				MTL_FAST_MATH = YES;
				SDKROOT = iphoneos;
				SWIFT_COMPILATION_MODE = wholemodule;
				SWIFT_OPTIMIZATION_LEVEL = "-O";
				VALIDATE_PRODUCT = YES;
			};
			name = Release;
		};
		E1596FC12838F78100A8AB09 /* Debug */ = {
			isa = XCBuildConfiguration;
			buildSettings = {
				ASSETCATALOG_COMPILER_APPICON_NAME = AppIcon;
				ASSETCATALOG_COMPILER_GLOBAL_ACCENT_COLOR_NAME = AccentColor;
				CODE_SIGN_STYLE = Automatic;
				CURRENT_PROJECT_VERSION = 1;
				DEVELOPMENT_TEAM = "";
				GENERATE_INFOPLIST_FILE = YES;
				INFOPLIST_FILE = CompositionalDemo/Info.plist;
				INFOPLIST_KEY_UIApplicationSupportsIndirectInputEvents = YES;
				INFOPLIST_KEY_UILaunchStoryboardName = LaunchScreen;
				INFOPLIST_KEY_UIMainStoryboardFile = Main;
				INFOPLIST_KEY_UISupportedInterfaceOrientations_iPad = "UIInterfaceOrientationPortrait UIInterfaceOrientationPortraitUpsideDown UIInterfaceOrientationLandscapeLeft UIInterfaceOrientationLandscapeRight";
				INFOPLIST_KEY_UISupportedInterfaceOrientations_iPhone = "UIInterfaceOrientationPortrait UIInterfaceOrientationLandscapeLeft UIInterfaceOrientationLandscapeRight";
				IPHONEOS_DEPLOYMENT_TARGET = 16.0;
				LD_RUNPATH_SEARCH_PATHS = (
					"$(inherited)",
					"@executable_path/Frameworks",
				);
				MARKETING_VERSION = 1.0;
				PRODUCT_BUNDLE_IDENTIFIER = com.layout.CompositionalDemo;
				PRODUCT_NAME = "$(TARGET_NAME)";
				SWIFT_EMIT_LOC_STRINGS = YES;
				SWIFT_VERSION = 5.0;
				TARGETED_DEVICE_FAMILY = "1,2";
			};
			name = Debug;
		};
		E1596FC22838F78100A8AB09 /* Release */ = {
			isa = XCBuildConfiguration;
			buildSettings = {
				ASSETCATALOG_COMPILER_APPICON_NAME = AppIcon;
				ASSETCATALOG_COMPILER_GLOBAL_ACCENT_COLOR_NAME = AccentColor;
				CODE_SIGN_STYLE = Automatic;
				CURRENT_PROJECT_VERSION = 1;
				DEVELOPMENT_TEAM = "";
				GENERATE_INFOPLIST_FILE = YES;
				INFOPLIST_FILE = CompositionalDemo/Info.plist;
				INFOPLIST_KEY_UIApplicationSupportsIndirectInputEvents = YES;
				INFOPLIST_KEY_UILaunchStoryboardName = LaunchScreen;
				INFOPLIST_KEY_UIMainStoryboardFile = Main;
				INFOPLIST_KEY_UISupportedInterfaceOrientations_iPad = "UIInterfaceOrientationPortrait UIInterfaceOrientationPortraitUpsideDown UIInterfaceOrientationLandscapeLeft UIInterfaceOrientationLandscapeRight";
				INFOPLIST_KEY_UISupportedInterfaceOrientations_iPhone = "UIInterfaceOrientationPortrait UIInterfaceOrientationLandscapeLeft UIInterfaceOrientationLandscapeRight";
				IPHONEOS_DEPLOYMENT_TARGET = 16.0;
				LD_RUNPATH_SEARCH_PATHS = (
					"$(inherited)",
					"@executable_path/Frameworks",
				);
				MARKETING_VERSION = 1.0;
				PRODUCT_BUNDLE_IDENTIFIER = com.layout.CompositionalDemo;
				PRODUCT_NAME = "$(TARGET_NAME)";
				SWIFT_EMIT_LOC_STRINGS = YES;
				SWIFT_VERSION = 5.0;
				TARGETED_DEVICE_FAMILY = "1,2";
			};
			name = Release;
		};
/* End XCBuildConfiguration section */

/* Begin XCConfigurationList section */
		E1596FA72838F78000A8AB09 /* Build configuration list for PBXProject "CompositionalDemo" */ = {
			isa = XCConfigurationList;
			buildConfigurations = (
				E1596FBE2838F78100A8AB09 /* Debug */,
				E1596FBF2838F78100A8AB09 /* Release */,
			);
			defaultConfigurationIsVisible = 0;
			defaultConfigurationName = Release;
		};
		E1596FC02838F78100A8AB09 /* Build configuration list for PBXNativeTarget "CompositionalDemo" */ = {
			isa = XCConfigurationList;
			buildConfigurations = (
				E1596FC12838F78100A8AB09 /* Debug */,
				E1596FC22838F78100A8AB09 /* Release */,
			);
			defaultConfigurationIsVisible = 0;
			defaultConfigurationName = Release;
		};
/* End XCConfigurationList section */
	};
	rootObject = E1596FA42838F78000A8AB09 /* Project object */;
}
